
Microsoft Visual Studio Solution File, Format Version 12.00
# Visual Studio Version 17
VisualStudioVersion = 17.3.32819.101
MinimumVisualStudioVersion = 10.0.40219.1
Project("{FAE04EC0-301F-11D3-BF4B-00C04F79EFBC}") = "KSPToolsTest", "KSPToolsTest.csproj", "{948C0761-D6DA-45DC-B4E0-9CADBF2F53DB}"
EndProject
Global
	GlobalSection(SolutionConfigurationPlatforms) = preSolution
		Debug|Any CPU = Debug|Any CPU
		Release|Any CPU = Release|Any CPU
	EndGlobalSection
	GlobalSection(ProjectConfigurationPlatforms) = postSolution
		{948C0761-D6DA-45DC-B4E0-9CADBF2F53DB}.Debug|Any CPU.ActiveCfg = Debug|Any CPU
		{948C0761-D6DA-45DC-B4E0-9CADBF2F53DB}.Debug|Any CPU.Build.0 = Debug|Any CPU
		{948C0761-D6DA-45DC-B4E0-9CADBF2F53DB}.Release|Any CPU.ActiveCfg = Release|Any CPU
		{948C0761-D6DA-45DC-B4E0-9CADBF2F53DB}.Release|Any CPU.Build.0 = Release|Any CPU
	EndGlobalSection
	GlobalSection(SolutionProperties) = preSolution
		HideSolutionNode = FALSE
	EndGlobalSection
	GlobalSection(ExtensibilityGlobals) = postSolution
		SolutionGuid = {C0B4088C-AB9A-4466-8085-7A9A8AEED0F2}
	EndGlobalSection
EndGlobal
